
Microsoft Visual Studio Solution File, Format Version 12.00
# Visual Studio Version 16
VisualStudioVersion = 16.0.34031.81
MinimumVisualStudioVersion = 10.0.40219.1
Project("{FAE04EC0-301F-11D3-BF4B-00C04F79EFBC}") = "WebApplication1", "WebApplication1\WebApplication1.csproj", "{2570B911-5FA2-4789-87FC-FB78F487064B}"
EndProject
Global
	GlobalSection(SolutionConfigurationPlatforms) = preSolution
		Debug|Any CPU = Debug|Any CPU
		Release|Any CPU = Release|Any CPU
	EndGlobalSection
	GlobalSection(ProjectConfigurationPlatforms) = postSolution
		{2570B911-5FA2-4789-87FC-FB78F487064B}.Debug|Any CPU.ActiveCfg = Debug|Any CPU
		{2570B911-5FA2-4789-87FC-FB78F487064B}.Debug|Any CPU.Build.0 = Debug|Any CPU
		{2570B911-5FA2-4789-87FC-FB78F487064B}.Release|Any CPU.ActiveCfg = Release|Any CPU
		{2570B911-5FA2-4789-87FC-FB78F487064B}.Release|Any CPU.Build.0 = Release|Any CPU
	EndGlobalSection
	GlobalSection(SolutionProperties) = preSolution
		HideSolutionNode = FALSE
	EndGlobalSection
	GlobalSection(ExtensibilityGlobals) = postSolution
		SolutionGuid = {EC7F68A9-6B7A-4ED2-9AD7-93A52634F49B}
	EndGlobalSection
EndGlobal
